
Microsoft Visual Studio Solution File, Format Version 12.00
# Visual Studio 14
VisualStudioVersion = 14.0.25420.1
MinimumVisualStudioVersion = 10.0.40219.1
Project("{8BC9CEB8-8B4A-11D0-8D11-00A0C91BC942}") = "bdm-dbg-io-avrb", "bdm-dbg-io-avrb.vcxproj", "{67E0A164-82F3-4A9F-8E1C-478EA5578E9E}"
	ProjectSection(ProjectDependencies) = postProject
		{AA9EEA04-AADD-4FE0-964C-6BA6E1D9629C} = {AA9EEA04-AADD-4FE0-964C-6BA6E1D9629C}
	EndProjectSection
EndProject
Project("{8BC9CEB8-8B4A-11D0-8D11-00A0C91BC942}") = "bdm-dbg-cmd-lib", "..\bdm-dbg-cmd-lib\bdm-dbg-cmd-lib.vcxproj", "{AA9EEA04-AADD-4FE0-964C-6BA6E1D9629C}"
EndProject
Project("{8BC9CEB8-8B4A-11D0-8D11-00A0C91BC942}") = "json-c", "..\..\..\..\bdm_adapter\json-c\build\json-c.vcxproj", "{14DC803E-DD0A-4492-9371-9D431CECFAED}"
EndProject
Global
	GlobalSection(SolutionConfigurationPlatforms) = preSolution
		Debug|Win32 = Debug|Win32
		MinSizeRel|Win32 = MinSizeRel|Win32
		Release|Win32 = Release|Win32
		RelWithDebInfo|Win32 = RelWithDebInfo|Win32
	EndGlobalSection
	GlobalSection(ProjectConfigurationPlatforms) = postSolution
		{67E0A164-82F3-4A9F-8E1C-478EA5578E9E}.Debug|Win32.ActiveCfg = Debug|Win32
		{67E0A164-82F3-4A9F-8E1C-478EA5578E9E}.Debug|Win32.Build.0 = Debug|Win32
		{67E0A164-82F3-4A9F-8E1C-478EA5578E9E}.MinSizeRel|Win32.ActiveCfg = Release|Win32
		{67E0A164-82F3-4A9F-8E1C-478EA5578E9E}.MinSizeRel|Win32.Build.0 = Release|Win32
		{67E0A164-82F3-4A9F-8E1C-478EA5578E9E}.Release|Win32.ActiveCfg = Release|Win32
		{67E0A164-82F3-4A9F-8E1C-478EA5578E9E}.Release|Win32.Build.0 = Release|Win32
		{67E0A164-82F3-4A9F-8E1C-478EA5578E9E}.RelWithDebInfo|Win32.ActiveCfg = Release|Win32
		{67E0A164-82F3-4A9F-8E1C-478EA5578E9E}.RelWithDebInfo|Win32.Build.0 = Release|Win32
		{AA9EEA04-AADD-4FE0-964C-6BA6E1D9629C}.Debug|Win32.ActiveCfg = Debug|Win32
		{AA9EEA04-AADD-4FE0-964C-6BA6E1D9629C}.Debug|Win32.Build.0 = Debug|Win32
		{AA9EEA04-AADD-4FE0-964C-6BA6E1D9629C}.MinSizeRel|Win32.ActiveCfg = Release|Win32
		{AA9EEA04-AADD-4FE0-964C-6BA6E1D9629C}.MinSizeRel|Win32.Build.0 = Release|Win32
		{AA9EEA04-AADD-4FE0-964C-6BA6E1D9629C}.Release|Win32.ActiveCfg = Release|Win32
		{AA9EEA04-AADD-4FE0-964C-6BA6E1D9629C}.Release|Win32.Build.0 = Release|Win32
		{AA9EEA04-AADD-4FE0-964C-6BA6E1D9629C}.RelWithDebInfo|Win32.ActiveCfg = Release|Win32
		{AA9EEA04-AADD-4FE0-964C-6BA6E1D9629C}.RelWithDebInfo|Win32.Build.0 = Release|Win32
		{14DC803E-DD0A-4492-9371-9D431CECFAED}.Debug|Win32.ActiveCfg = Debug|Win32
		{14DC803E-DD0A-4492-9371-9D431CECFAED}.Debug|Win32.Build.0 = Debug|Win32
		{14DC803E-DD0A-4492-9371-9D431CECFAED}.MinSizeRel|Win32.ActiveCfg = MinSizeRel|Win32
		{14DC803E-DD0A-4492-9371-9D431CECFAED}.MinSizeRel|Win32.Build.0 = MinSizeRel|Win32
		{14DC803E-DD0A-4492-9371-9D431CECFAED}.Release|Win32.ActiveCfg = Release|Win32
		{14DC803E-DD0A-4492-9371-9D431CECFAED}.Release|Win32.Build.0 = Release|Win32
		{14DC803E-DD0A-4492-9371-9D431CECFAED}.RelWithDebInfo|Win32.ActiveCfg = RelWithDebInfo|Win32
		{14DC803E-DD0A-4492-9371-9D431CECFAED}.RelWithDebInfo|Win32.Build.0 = RelWithDebInfo|Win32
	EndGlobalSection
	GlobalSection(SolutionProperties) = preSolution
		HideSolutionNode = FALSE
	EndGlobalSection
EndGlobal
